
Microsoft Visual Studio Solution File, Format Version 12.00
# Visual Studio Version 17
VisualStudioVersion = 17.12.35521.163 d17.12
MinimumVisualStudioVersion = 10.0.40219.1
Project("{F184B08F-C81C-45F6-A57F-5ABD9991F28F}") = "BigWinFormVbApp", "BigWinFormVbApp\BigWinFormVbApp.vbproj", "{808ECF1D-7382-4716-BF8A-BBBA9A9A4501}"
EndProject
Project("{F184B08F-C81C-45F6-A57F-5ABD9991F28F}") = "WinFormsApp1", "WinFormsApp1\WinFormsApp1.vbproj", "{DE9F3704-18BC-41AF-8E96-4DEC386D143A}"
EndProject
Project("{F184B08F-C81C-45F6-A57F-5ABD9991F28F}") = "WinFormsApp2", "WinFormsApp2\WinFormsApp2.vbproj", "{8E44886A-8DC3-462D-903F-268AC274D382}"
EndProject
Project("{F184B08F-C81C-45F6-A57F-5ABD9991F28F}") = "WinFormsApp3", "WinFormsApp3\WinFormsApp3.vbproj", "{D75E2884-EA55-4D30-8302-797C5CBEE992}"
EndProject
Project("{F184B08F-C81C-45F6-A57F-5ABD9991F28F}") = "WinFormsApp4", "WinFormsApp4\WinFormsApp4.vbproj", "{8186E40E-24F2-4D9F-B02D-FA01DF697F86}"
EndProject
Project("{F184B08F-C81C-45F6-A57F-5ABD9991F28F}") = "WinFormsApp5", "WinFormsApp5\WinFormsApp5.vbproj", "{D4F0774E-A241-4B7C-8E55-E4CB03F5D082}"
EndProject
Project("{F184B08F-C81C-45F6-A57F-5ABD9991F28F}") = "WinFormsApp6", "WinFormsApp6\WinFormsApp6.vbproj", "{231DDAA5-CB10-4DED-8C94-CF9FFD98F8B9}"
EndProject
Project("{F184B08F-C81C-45F6-A57F-5ABD9991F28F}") = "WinFormsApp7", "WinFormsApp7\WinFormsApp7.vbproj", "{45CE166B-EA0E-4226-8870-80F91257F590}"
EndProject
Project("{F184B08F-C81C-45F6-A57F-5ABD9991F28F}") = "WinFormsApp8", "WinFormsApp8\WinFormsApp8.vbproj", "{01F0F9A2-F35E-4286-B8AA-1EDC3109AE40}"
EndProject
Project("{F184B08F-C81C-45F6-A57F-5ABD9991F28F}") = "WinFormsApp9", "WinFormsApp9\WinFormsApp9.vbproj", "{9098E220-01F6-4988-A6C1-50E3B80C7F3E}"
EndProject
Project("{F184B08F-C81C-45F6-A57F-5ABD9991F28F}") = "WebApplication1", "WebApplication1\WebApplication1.vbproj", "{CD8E53D2-B177-494B-AE08-1CEEF98E43D7}"
EndProject
Project("{F184B08F-C81C-45F6-A57F-5ABD9991F28F}") = "WebApplication2", "WebApplication2\WebApplication2.vbproj", "{563B2FD3-A602-4381-9E4D-D3A0369803D7}"
EndProject
Project("{F184B08F-C81C-45F6-A57F-5ABD9991F28F}") = "WebApplication3", "WebApplication3\WebApplication3.vbproj", "{E3606AF2-2A07-44C5-AD2F-7EE8C656867A}"
EndProject
Project("{F184B08F-C81C-45F6-A57F-5ABD9991F28F}") = "WebApplication4", "WebApplication4\WebApplication4.vbproj", "{7096CE2A-9ECC-4297-937C-3AD05C6C8DB4}"
EndProject
Project("{F184B08F-C81C-45F6-A57F-5ABD9991F28F}") = "WebApplication5", "WebApplication5\WebApplication5.vbproj", "{70F451AA-0914-4798-8678-C5E3D7C17832}"
EndProject
Project("{F184B08F-C81C-45F6-A57F-5ABD9991F28F}") = "WebApplication6", "WebApplication6\WebApplication6.vbproj", "{7D3CCBFB-36E9-4CBA-AB66-C67F79FE12B2}"
EndProject
Project("{F184B08F-C81C-45F6-A57F-5ABD9991F28F}") = "WebApplication7", "WebApplication7\WebApplication7.vbproj", "{F35B846B-C9EA-4C95-9E37-581B2F6C6621}"
EndProject
Project("{F184B08F-C81C-45F6-A57F-5ABD9991F28F}") = "WebApplication8", "WebApplication8\WebApplication8.vbproj", "{C7331CCA-85A8-4B2A-BC93-C58072E2F9C2}"
EndProject
Project("{F184B08F-C81C-45F6-A57F-5ABD9991F28F}") = "WebApplication9", "WebApplication9\WebApplication9.vbproj", "{05B6F177-E0CC-40EE-99F9-C27262868067}"
EndProject
Global
	GlobalSection(SolutionConfigurationPlatforms) = preSolution
		Debug|Any CPU = Debug|Any CPU
		Release|Any CPU = Release|Any CPU
	EndGlobalSection
	GlobalSection(ProjectConfigurationPlatforms) = postSolution
		{808ECF1D-7382-4716-BF8A-BBBA9A9A4501}.Debug|Any CPU.ActiveCfg = Debug|Any CPU
		{808ECF1D-7382-4716-BF8A-BBBA9A9A4501}.Debug|Any CPU.Build.0 = Debug|Any CPU
		{808ECF1D-7382-4716-BF8A-BBBA9A9A4501}.Release|Any CPU.ActiveCfg = Release|Any CPU
		{808ECF1D-7382-4716-BF8A-BBBA9A9A4501}.Release|Any CPU.Build.0 = Release|Any CPU
		{DE9F3704-18BC-41AF-8E96-4DEC386D143A}.Debug|Any CPU.ActiveCfg = Debug|Any CPU
		{DE9F3704-18BC-41AF-8E96-4DEC386D143A}.Debug|Any CPU.Build.0 = Debug|Any CPU
		{DE9F3704-18BC-41AF-8E96-4DEC386D143A}.Release|Any CPU.ActiveCfg = Release|Any CPU
		{DE9F3704-18BC-41AF-8E96-4DEC386D143A}.Release|Any CPU.Build.0 = Release|Any CPU
		{8E44886A-8DC3-462D-903F-268AC274D382}.Debug|Any CPU.ActiveCfg = Debug|Any CPU
		{8E44886A-8DC3-462D-903F-268AC274D382}.Debug|Any CPU.Build.0 = Debug|Any CPU
		{8E44886A-8DC3-462D-903F-268AC274D382}.Release|Any CPU.ActiveCfg = Release|Any CPU
		{8E44886A-8DC3-462D-903F-268AC274D382}.Release|Any CPU.Build.0 = Release|Any CPU
		{D75E2884-EA55-4D30-8302-797C5CBEE992}.Debug|Any CPU.ActiveCfg = Debug|Any CPU
		{D75E2884-EA55-4D30-8302-797C5CBEE992}.Debug|Any CPU.Build.0 = Debug|Any CPU
		{D75E2884-EA55-4D30-8302-797C5CBEE992}.Release|Any CPU.ActiveCfg = Release|Any CPU
		{D75E2884-EA55-4D30-8302-797C5CBEE992}.Release|Any CPU.Build.0 = Release|Any CPU
		{8186E40E-24F2-4D9F-B02D-FA01DF697F86}.Debug|Any CPU.ActiveCfg = Debug|Any CPU
		{8186E40E-24F2-4D9F-B02D-FA01DF697F86}.Debug|Any CPU.Build.0 = Debug|Any CPU
		{8186E40E-24F2-4D9F-B02D-FA01DF697F86}.Release|Any CPU.ActiveCfg = Release|Any CPU
		{8186E40E-24F2-4D9F-B02D-FA01DF697F86}.Release|Any CPU.Build.0 = Release|Any CPU
		{D4F0774E-A241-4B7C-8E55-E4CB03F5D082}.Debug|Any CPU.ActiveCfg = Debug|Any CPU
		{D4F0774E-A241-4B7C-8E55-E4CB03F5D082}.Debug|Any CPU.Build.0 = Debug|Any CPU
		{D4F0774E-A241-4B7C-8E55-E4CB03F5D082}.Release|Any CPU.ActiveCfg = Release|Any CPU
		{D4F0774E-A241-4B7C-8E55-E4CB03F5D082}.Release|Any CPU.Build.0 = Release|Any CPU
		{231DDAA5-CB10-4DED-8C94-CF9FFD98F8B9}.Debug|Any CPU.ActiveCfg = Debug|Any CPU
		{231DDAA5-CB10-4DED-8C94-CF9FFD98F8B9}.Debug|Any CPU.Build.0 = Debug|Any CPU
		{231DDAA5-CB10-4DED-8C94-CF9FFD98F8B9}.Release|Any CPU.ActiveCfg = Release|Any CPU
		{231DDAA5-CB10-4DED-8C94-CF9FFD98F8B9}.Release|Any CPU.Build.0 = Release|Any CPU
		{45CE166B-EA0E-4226-8870-80F91257F590}.Debug|Any CPU.ActiveCfg = Debug|Any CPU
		{45CE166B-EA0E-4226-8870-80F91257F590}.Debug|Any CPU.Build.0 = Debug|Any CPU
		{45CE166B-EA0E-4226-8870-80F91257F590}.Release|Any CPU.ActiveCfg = Release|Any CPU
		{45CE166B-EA0E-4226-8870-80F91257F590}.Release|Any CPU.Build.0 = Release|Any CPU
		{01F0F9A2-F35E-4286-B8AA-1EDC3109AE40}.Debug|Any CPU.ActiveCfg = Debug|Any CPU
		{01F0F9A2-F35E-4286-B8AA-1EDC3109AE40}.Debug|Any CPU.Build.0 = Debug|Any CPU
		{01F0F9A2-F35E-4286-B8AA-1EDC3109AE40}.Release|Any CPU.ActiveCfg = Release|Any CPU
		{01F0F9A2-F35E-4286-B8AA-1EDC3109AE40}.Release|Any CPU.Build.0 = Release|Any CPU
		{9098E220-01F6-4988-A6C1-50E3B80C7F3E}.Debug|Any CPU.ActiveCfg = Debug|Any CPU
		{9098E220-01F6-4988-A6C1-50E3B80C7F3E}.Debug|Any CPU.Build.0 = Debug|Any CPU
		{9098E220-01F6-4988-A6C1-50E3B80C7F3E}.Release|Any CPU.ActiveCfg = Release|Any CPU
		{9098E220-01F6-4988-A6C1-50E3B80C7F3E}.Release|Any CPU.Build.0 = Release|Any CPU
		{CD8E53D2-B177-494B-AE08-1CEEF98E43D7}.Debug|Any CPU.ActiveCfg = Debug|Any CPU
		{CD8E53D2-B177-494B-AE08-1CEEF98E43D7}.Debug|Any CPU.Build.0 = Debug|Any CPU
		{CD8E53D2-B177-494B-AE08-1CEEF98E43D7}.Release|Any CPU.ActiveCfg = Release|Any CPU
		{CD8E53D2-B177-494B-AE08-1CEEF98E43D7}.Release|Any CPU.Build.0 = Release|Any CPU
		{563B2FD3-A602-4381-9E4D-D3A0369803D7}.Debug|Any CPU.ActiveCfg = Debug|Any CPU
		{563B2FD3-A602-4381-9E4D-D3A0369803D7}.Debug|Any CPU.Build.0 = Debug|Any CPU
		{563B2FD3-A602-4381-9E4D-D3A0369803D7}.Release|Any CPU.ActiveCfg = Release|Any CPU
		{563B2FD3-A602-4381-9E4D-D3A0369803D7}.Release|Any CPU.Build.0 = Release|Any CPU
		{E3606AF2-2A07-44C5-AD2F-7EE8C656867A}.Debug|Any CPU.ActiveCfg = Debug|Any CPU
		{E3606AF2-2A07-44C5-AD2F-7EE8C656867A}.Debug|Any CPU.Build.0 = Debug|Any CPU
		{E3606AF2-2A07-44C5-AD2F-7EE8C656867A}.Release|Any CPU.ActiveCfg = Release|Any CPU
		{E3606AF2-2A07-44C5-AD2F-7EE8C656867A}.Release|Any CPU.Build.0 = Release|Any CPU
		{7096CE2A-9ECC-4297-937C-3AD05C6C8DB4}.Debug|Any CPU.ActiveCfg = Debug|Any CPU
		{7096CE2A-9ECC-4297-937C-3AD05C6C8DB4}.Debug|Any CPU.Build.0 = Debug|Any CPU
		{7096CE2A-9ECC-4297-937C-3AD05C6C8DB4}.Release|Any CPU.ActiveCfg = Release|Any CPU
		{7096CE2A-9ECC-4297-937C-3AD05C6C8DB4}.Release|Any CPU.Build.0 = Release|Any CPU
		{70F451AA-0914-4798-8678-C5E3D7C17832}.Debug|Any CPU.ActiveCfg = Debug|Any CPU
		{70F451AA-0914-4798-8678-C5E3D7C17832}.Debug|Any CPU.Build.0 = Debug|Any CPU
		{70F451AA-0914-4798-8678-C5E3D7C17832}.Release|Any CPU.ActiveCfg = Release|Any CPU
		{70F451AA-0914-4798-8678-C5E3D7C17832}.Release|Any CPU.Build.0 = Release|Any CPU
		{7D3CCBFB-36E9-4CBA-AB66-C67F79FE12B2}.Debug|Any CPU.ActiveCfg = Debug|Any CPU
		{7D3CCBFB-36E9-4CBA-AB66-C67F79FE12B2}.Debug|Any CPU.Build.0 = Debug|Any CPU
		{7D3CCBFB-36E9-4CBA-AB66-C67F79FE12B2}.Release|Any CPU.ActiveCfg = Release|Any CPU
		{7D3CCBFB-36E9-4CBA-AB66-C67F79FE12B2}.Release|Any CPU.Build.0 = Release|Any CPU
		{F35B846B-C9EA-4C95-9E37-581B2F6C6621}.Debug|Any CPU.ActiveCfg = Debug|Any CPU
		{F35B846B-C9EA-4C95-9E37-581B2F6C6621}.Debug|Any CPU.Build.0 = Debug|Any CPU
		{F35B846B-C9EA-4C95-9E37-581B2F6C6621}.Release|Any CPU.ActiveCfg = Release|Any CPU
		{F35B846B-C9EA-4C95-9E37-581B2F6C6621}.Release|Any CPU.Build.0 = Release|Any CPU
		{C7331CCA-85A8-4B2A-BC93-C58072E2F9C2}.Debug|Any CPU.ActiveCfg = Debug|Any CPU
		{C7331CCA-85A8-4B2A-BC93-C58072E2F9C2}.Debug|Any CPU.Build.0 = Debug|Any CPU
		{C7331CCA-85A8-4B2A-BC93-C58072E2F9C2}.Release|Any CPU.ActiveCfg = Release|Any CPU
		{C7331CCA-85A8-4B2A-BC93-C58072E2F9C2}.Release|Any CPU.Build.0 = Release|Any CPU
		{05B6F177-E0CC-40EE-99F9-C27262868067}.Debug|Any CPU.ActiveCfg = Debug|Any CPU
		{05B6F177-E0CC-40EE-99F9-C27262868067}.Debug|Any CPU.Build.0 = Debug|Any CPU
		{05B6F177-E0CC-40EE-99F9-C27262868067}.Release|Any CPU.ActiveCfg = Release|Any CPU
		{05B6F177-E0CC-40EE-99F9-C27262868067}.Release|Any CPU.Build.0 = Release|Any CPU
	EndGlobalSection
	GlobalSection(SolutionProperties) = preSolution
		HideSolutionNode = FALSE
	EndGlobalSection
EndGlobal
